
Microsoft Visual Studio Solution File, Format Version 12.00
# Visual Studio Version 17
VisualStudioVersion = 17.6.33723.286
MinimumVisualStudioVersion = 10.0.40219.1
Project("{FAE04EC0-301F-11D3-BF4B-00C04F79EFBC}") = "PRELIM_E3_CABALLES", "PRELIM_E3_CABALLES\PRELIM_E3_CABALLES.csproj", "{4CAD8694-F9D8-42DA-B191-F2208918EE1D}"
EndProject
Global
	GlobalSection(SolutionConfigurationPlatforms) = preSolution
		Debug|Any CPU = Debug|Any CPU
		Release|Any CPU = Release|Any CPU
	EndGlobalSection
	GlobalSection(ProjectConfigurationPlatforms) = postSolution
		{4CAD8694-F9D8-42DA-B191-F2208918EE1D}.Debug|Any CPU.ActiveCfg = Debug|Any CPU
		{4CAD8694-F9D8-42DA-B191-F2208918EE1D}.Debug|Any CPU.Build.0 = Debug|Any CPU
		{4CAD8694-F9D8-42DA-B191-F2208918EE1D}.Release|Any CPU.ActiveCfg = Release|Any CPU
		{4CAD8694-F9D8-42DA-B191-F2208918EE1D}.Release|Any CPU.Build.0 = Release|Any CPU
	EndGlobalSection
	GlobalSection(SolutionProperties) = preSolution
		HideSolutionNode = FALSE
	EndGlobalSection
	GlobalSection(ExtensibilityGlobals) = postSolution
		SolutionGuid = {422C9825-0F8A-4EBF-B214-C38CEF49C2CA}
	EndGlobalSection
EndGlobal
